// !$*UTF8*$!
{
	archiveVersion = 1;
	classes = {
	};
	objectVersion = 55;
	objects = {

/* Begin PBXBuildFile section */
		4AD6F3CD75F16AB70F04B754 /* Pods_Examenios1.framework in Frameworks */ = {isa = PBXBuildFile; fileRef = 3E2FECC6487E08049E39EA68 /* Pods_Examenios1.framework */; };
		815E1B6E2723D62E00DB50F7 /* ModelData.swift in Sources */ = {isa = PBXBuildFile; fileRef = 815E1B6D2723D62E00DB50F7 /* ModelData.swift */; };
		815E1B712724447300DB50F7 /* ApiClient.swift in Sources */ = {isa = PBXBuildFile; fileRef = 815E1B702724447300DB50F7 /* ApiClient.swift */; };
		815E1B732724485900DB50F7 /* Extension-Codable.swift in Sources */ = {isa = PBXBuildFile; fileRef = 815E1B722724485900DB50F7 /* Extension-Codable.swift */; };
		815E1B75272448C700DB50F7 /* ApiError.swift in Sources */ = {isa = PBXBuildFile; fileRef = 815E1B74272448C700DB50F7 /* ApiError.swift */; };
		815E1B782724599D00DB50F7 /* BannerCategoryViewModel.swift in Sources */ = {isa = PBXBuildFile; fileRef = 815E1B772724599D00DB50F7 /* BannerCategoryViewModel.swift */; };
		815E1B7B2724617500DB50F7 /* BannerCategoryVC.swift in Sources */ = {isa = PBXBuildFile; fileRef = 815E1B7A2724617500DB50F7 /* BannerCategoryVC.swift */; };
		815E1B7E2724676F00DB50F7 /* MainVC.swift in Sources */ = {isa = PBXBuildFile; fileRef = 815E1B7D2724676F00DB50F7 /* MainVC.swift */; };
		815E1B80272470AC00DB50F7 /* InputNameCell.swift in Sources */ = {isa = PBXBuildFile; fileRef = 815E1B7F272470AC00DB50F7 /* InputNameCell.swift */; };
		815E1B832724777500DB50F7 /* Extension-VC.swift in Sources */ = {isa = PBXBuildFile; fileRef = 815E1B822724777500DB50F7 /* Extension-VC.swift */; };
		815E1B85272482D500DB50F7 /* TakeSalfieCell.swift in Sources */ = {isa = PBXBuildFile; fileRef = 815E1B84272482D500DB50F7 /* TakeSalfieCell.swift */; };
		815E1B8827248A8600DB50F7 /* Extension-MainVC-TableView.swift in Sources */ = {isa = PBXBuildFile; fileRef = 815E1B8727248A8600DB50F7 /* Extension-MainVC-TableView.swift */; };
		815E1B8A27248B3700DB50F7 /* ImagePickerManager.swift in Sources */ = {isa = PBXBuildFile; fileRef = 815E1B8927248B3700DB50F7 /* ImagePickerManager.swift */; };
		815E1B8D27248EFB00DB50F7 /* SelfieDetailVC.swift in Sources */ = {isa = PBXBuildFile; fileRef = 815E1B8C27248EFB00DB50F7 /* SelfieDetailVC.swift */; };
		815E1B8F27249E6800DB50F7 /* GraphicsDescriptionCell.swift in Sources */ = {isa = PBXBuildFile; fileRef = 815E1B8E27249E6800DB50F7 /* GraphicsDescriptionCell.swift */; };
		815E1B912724A2DE00DB50F7 /* MyFirebaseManager.swift in Sources */ = {isa = PBXBuildFile; fileRef = 815E1B902724A2DE00DB50F7 /* MyFirebaseManager.swift */; };
		815E1B932724B08F00DB50F7 /* ColorExtension.swift in Sources */ = {isa = PBXBuildFile; fileRef = 815E1B922724B08F00DB50F7 /* ColorExtension.swift */; };
		815E1B962724B4B100DB50F7 /* GraphicsVC.swift in Sources */ = {isa = PBXBuildFile; fileRef = 815E1B952724B4B100DB50F7 /* GraphicsVC.swift */; };
		815E1BB82724C75600DB50F7 /* UserDataViewModel.swift in Sources */ = {isa = PBXBuildFile; fileRef = 815E1BB72724C75600DB50F7 /* UserDataViewModel.swift */; };
		81F8EA472723A06D00F8C201 /* AppDelegate.swift in Sources */ = {isa = PBXBuildFile; fileRef = 81F8EA462723A06D00F8C201 /* AppDelegate.swift */; };
		81F8EA492723A06D00F8C201 /* SceneDelegate.swift in Sources */ = {isa = PBXBuildFile; fileRef = 81F8EA482723A06D00F8C201 /* SceneDelegate.swift */; };
		81F8EA4E2723A06D00F8C201 /* Main.storyboard in Resources */ = {isa = PBXBuildFile; fileRef = 81F8EA4C2723A06D00F8C201 /* Main.storyboard */; };
		81F8EA502723A07100F8C201 /* Assets.xcassets in Resources */ = {isa = PBXBuildFile; fileRef = 81F8EA4F2723A07100F8C201 /* Assets.xcassets */; };
		81F8EA532723A07100F8C201 /* LaunchScreen.storyboard in Resources */ = {isa = PBXBuildFile; fileRef = 81F8EA512723A07100F8C201 /* LaunchScreen.storyboard */; };
		81F8EA5B2723A0CA00F8C201 /* GoogleService-Info.plist in Resources */ = {isa = PBXBuildFile; fileRef = 81F8EA5A2723A0CA00F8C201 /* GoogleService-Info.plist */; };
/* End PBXBuildFile section */

/* Begin PBXFileReference section */
		3E2FECC6487E08049E39EA68 /* Pods_Examenios1.framework */ = {isa = PBXFileReference; explicitFileType = wrapper.framework; includeInIndex = 0; path = Pods_Examenios1.framework; sourceTree = BUILT_PRODUCTS_DIR; };
		815E1B6D2723D62E00DB50F7 /* ModelData.swift */ = {isa = PBXFileReference; lastKnownFileType = sourcecode.swift; path = ModelData.swift; sourceTree = "<group>"; };
		815E1B702724447300DB50F7 /* ApiClient.swift */ = {isa = PBXFileReference; lastKnownFileType = sourcecode.swift; path = ApiClient.swift; sourceTree = "<group>"; };
		815E1B722724485900DB50F7 /* Extension-Codable.swift */ = {isa = PBXFileReference; lastKnownFileType = sourcecode.swift; path = "Extension-Codable.swift"; sourceTree = "<group>"; };
		815E1B74272448C700DB50F7 /* ApiError.swift */ = {isa = PBXFileReference; lastKnownFileType = sourcecode.swift; path = ApiError.swift; sourceTree = "<group>"; };
		815E1B772724599D00DB50F7 /* BannerCategoryViewModel.swift */ = {isa = PBXFileReference; lastKnownFileType = sourcecode.swift; path = BannerCategoryViewModel.swift; sourceTree = "<group>"; };
		815E1B7A2724617500DB50F7 /* BannerCategoryVC.swift */ = {isa = PBXFileReference; lastKnownFileType = sourcecode.swift; path = BannerCategoryVC.swift; sourceTree = "<group>"; };
		815E1B7D2724676F00DB50F7 /* MainVC.swift */ = {isa = PBXFileReference; lastKnownFileType = sourcecode.swift; path = MainVC.swift; sourceTree = "<group>"; };
		815E1B7F272470AC00DB50F7 /* InputNameCell.swift */ = {isa = PBXFileReference; lastKnownFileType = sourcecode.swift; path = InputNameCell.swift; sourceTree = "<group>"; };
		815E1B822724777500DB50F7 /* Extension-VC.swift */ = {isa = PBXFileReference; lastKnownFileType = sourcecode.swift; path = "Extension-VC.swift"; sourceTree = "<group>"; };
		815E1B84272482D500DB50F7 /* TakeSalfieCell.swift */ = {isa = PBXFileReference; lastKnownFileType = sourcecode.swift; path = TakeSalfieCell.swift; sourceTree = "<group>"; };
		815E1B8727248A8600DB50F7 /* Extension-MainVC-TableView.swift */ = {isa = PBXFileReference; lastKnownFileType = sourcecode.swift; path = "Extension-MainVC-TableView.swift"; sourceTree = "<group>"; };
		815E1B8927248B3700DB50F7 /* ImagePickerManager.swift */ = {isa = PBXFileReference; lastKnownFileType = sourcecode.swift; path = ImagePickerManager.swift; sourceTree = "<group>"; };
		815E1B8C27248EFB00DB50F7 /* SelfieDetailVC.swift */ = {isa = PBXFileReference; lastKnownFileType = sourcecode.swift; path = SelfieDetailVC.swift; sourceTree = "<group>"; };
		815E1B8E27249E6800DB50F7 /* GraphicsDescriptionCell.swift */ = {isa = PBXFileReference; lastKnownFileType = sourcecode.swift; path = GraphicsDescriptionCell.swift; sourceTree = "<group>"; };
		815E1B902724A2DE00DB50F7 /* MyFirebaseManager.swift */ = {isa = PBXFileReference; lastKnownFileType = sourcecode.swift; path = MyFirebaseManager.swift; sourceTree = "<group>"; };
		815E1B922724B08F00DB50F7 /* ColorExtension.swift */ = {isa = PBXFileReference; lastKnownFileType = sourcecode.swift; path = ColorExtension.swift; sourceTree = "<group>"; };
		815E1B952724B4B100DB50F7 /* GraphicsVC.swift */ = {isa = PBXFileReference; lastKnownFileType = sourcecode.swift; path = GraphicsVC.swift; sourceTree = "<group>"; };
		815E1BB72724C75600DB50F7 /* UserDataViewModel.swift */ = {isa = PBXFileReference; lastKnownFileType = sourcecode.swift; path = UserDataViewModel.swift; sourceTree = "<group>"; };
		81F8EA432723A06D00F8C201 /* Examenios1.app */ = {isa = PBXFileReference; explicitFileType = wrapper.application; includeInIndex = 0; path = Examenios1.app; sourceTree = BUILT_PRODUCTS_DIR; };
		81F8EA462723A06D00F8C201 /* AppDelegate.swift */ = {isa = PBXFileReference; lastKnownFileType = sourcecode.swift; path = AppDelegate.swift; sourceTree = "<group>"; };
		81F8EA482723A06D00F8C201 /* SceneDelegate.swift */ = {isa = PBXFileReference; lastKnownFileType = sourcecode.swift; path = SceneDelegate.swift; sourceTree = "<group>"; };
		81F8EA4D2723A06D00F8C201 /* Base */ = {isa = PBXFileReference; lastKnownFileType = file.storyboard; name = Base; path = Base.lproj/Main.storyboard; sourceTree = "<group>"; };
		81F8EA4F2723A07100F8C201 /* Assets.xcassets */ = {isa = PBXFileReference; lastKnownFileType = folder.assetcatalog; path = Assets.xcassets; sourceTree = "<group>"; };
		81F8EA522723A07100F8C201 /* Base */ = {isa = PBXFileReference; lastKnownFileType = file.storyboard; name = Base; path = Base.lproj/LaunchScreen.storyboard; sourceTree = "<group>"; };
		81F8EA542723A07100F8C201 /* Info.plist */ = {isa = PBXFileReference; lastKnownFileType = text.plist.xml; path = Info.plist; sourceTree = "<group>"; };
		81F8EA5A2723A0CA00F8C201 /* GoogleService-Info.plist */ = {isa = PBXFileReference; fileEncoding = 4; lastKnownFileType = text.plist.xml; path = "GoogleService-Info.plist"; sourceTree = "<group>"; };
		94950AB8DC50E05ADFD22261 /* Pods-Examenios1.release.xcconfig */ = {isa = PBXFileReference; includeInIndex = 1; lastKnownFileType = text.xcconfig; name = "Pods-Examenios1.release.xcconfig"; path = "Target Support Files/Pods-Examenios1/Pods-Examenios1.release.xcconfig"; sourceTree = "<group>"; };
		D986CB19A68B8AEC7ED0C8FB /* Pods-Examenios1.debug.xcconfig */ = {isa = PBXFileReference; includeInIndex = 1; lastKnownFileType = text.xcconfig; name = "Pods-Examenios1.debug.xcconfig"; path = "Target Support Files/Pods-Examenios1/Pods-Examenios1.debug.xcconfig"; sourceTree = "<group>"; };
/* End PBXFileReference section */

/* Begin PBXFrameworksBuildPhase section */
		81F8EA402723A06D00F8C201 /* Frameworks */ = {
			isa = PBXFrameworksBuildPhase;
			buildActionMask = 2147483647;
			files = (
				4AD6F3CD75F16AB70F04B754 /* Pods_Examenios1.framework in Frameworks */,
			);
			runOnlyForDeploymentPostprocessing = 0;
		};
/* End PBXFrameworksBuildPhase section */

/* Begin PBXGroup section */
		7F84F8F263135E42E097F411 /* Pods */ = {
			isa = PBXGroup;
			children = (
				D986CB19A68B8AEC7ED0C8FB /* Pods-Examenios1.debug.xcconfig */,
				94950AB8DC50E05ADFD22261 /* Pods-Examenios1.release.xcconfig */,
			);
			path = Pods;
			sourceTree = "<group>";
		};
		815E1B6C2723D60D00DB50F7 /* Model */ = {
			isa = PBXGroup;
			children = (
				815E1B6D2723D62E00DB50F7 /* ModelData.swift */,
			);
			path = Model;
			sourceTree = "<group>";
		};
		815E1B6F2724446500DB50F7 /* Network */ = {
			isa = PBXGroup;
			children = (
				815E1B702724447300DB50F7 /* ApiClient.swift */,
				815E1B722724485900DB50F7 /* Extension-Codable.swift */,
				815E1B74272448C700DB50F7 /* ApiError.swift */,
				815E1B902724A2DE00DB50F7 /* MyFirebaseManager.swift */,
			);
			path = Network;
			sourceTree = "<group>";
		};
		815E1B762724589700DB50F7 /* BannerCategory */ = {
			isa = PBXGroup;
			children = (
				815E1B772724599D00DB50F7 /* BannerCategoryViewModel.swift */,
				815E1B7A2724617500DB50F7 /* BannerCategoryVC.swift */,
			);
			path = BannerCategory;
			sourceTree = "<group>";
		};
		815E1B7C272466A400DB50F7 /* MainTableView */ = {
			isa = PBXGroup;
			children = (
				815E1B8627248A4100DB50F7 /* TableViewCells */,
				815E1B7D2724676F00DB50F7 /* MainVC.swift */,
				815E1B8727248A8600DB50F7 /* Extension-MainVC-TableView.swift */,
				815E1BB72724C75600DB50F7 /* UserDataViewModel.swift */,
			);
			path = MainTableView;
			sourceTree = "<group>";
		};
		815E1B812724775B00DB50F7 /* Util */ = {
			isa = PBXGroup;
			children = (
				815E1B822724777500DB50F7 /* Extension-VC.swift */,
				815E1B8927248B3700DB50F7 /* ImagePickerManager.swift */,
				815E1B922724B08F00DB50F7 /* ColorExtension.swift */,
			);
			path = Util;
			sourceTree = "<group>";
		};
		815E1B8627248A4100DB50F7 /* TableViewCells */ = {
			isa = PBXGroup;
			children = (
				815E1B7F272470AC00DB50F7 /* InputNameCell.swift */,
				815E1B84272482D500DB50F7 /* TakeSalfieCell.swift */,
				815E1B8E27249E6800DB50F7 /* GraphicsDescriptionCell.swift */,
			);
			path = TableViewCells;
			sourceTree = "<group>";
		};
		815E1B8B27248EDE00DB50F7 /* SelfieDetails */ = {
			isa = PBXGroup;
			children = (
				815E1B8C27248EFB00DB50F7 /* SelfieDetailVC.swift */,
			);
			path = SelfieDetails;
			sourceTree = "<group>";
		};
		815E1B942724B48000DB50F7 /* GraphicsDescription */ = {
			isa = PBXGroup;
			children = (
				815E1B952724B4B100DB50F7 /* GraphicsVC.swift */,
			);
			path = GraphicsDescription;
			sourceTree = "<group>";
		};
		81F8EA3A2723A06D00F8C201 = {
			isa = PBXGroup;
			children = (
				81F8EA452723A06D00F8C201 /* Examenios1 */,
				81F8EA442723A06D00F8C201 /* Products */,
				7F84F8F263135E42E097F411 /* Pods */,
				B428153260E2CB318FEAD392 /* Frameworks */,
			);
			sourceTree = "<group>";
		};
		81F8EA442723A06D00F8C201 /* Products */ = {
			isa = PBXGroup;
			children = (
				81F8EA432723A06D00F8C201 /* Examenios1.app */,
			);
			name = Products;
			sourceTree = "<group>";
		};
		81F8EA452723A06D00F8C201 /* Examenios1 */ = {
			isa = PBXGroup;
			children = (
				815E1B812724775B00DB50F7 /* Util */,
				815E1B6F2724446500DB50F7 /* Network */,
				815E1B6C2723D60D00DB50F7 /* Model */,
				815E1B942724B48000DB50F7 /* GraphicsDescription */,
				815E1B8B27248EDE00DB50F7 /* SelfieDetails */,
				815E1B762724589700DB50F7 /* BannerCategory */,
				815E1B7C272466A400DB50F7 /* MainTableView */,
				81F8EA462723A06D00F8C201 /* AppDelegate.swift */,
				81F8EA482723A06D00F8C201 /* SceneDelegate.swift */,
				81F8EA4C2723A06D00F8C201 /* Main.storyboard */,
				81F8EA4F2723A07100F8C201 /* Assets.xcassets */,
				81F8EA512723A07100F8C201 /* LaunchScreen.storyboard */,
				81F8EA542723A07100F8C201 /* Info.plist */,
				81F8EA5A2723A0CA00F8C201 /* GoogleService-Info.plist */,
			);
			path = Examenios1;
			sourceTree = "<group>";
		};
		B428153260E2CB318FEAD392 /* Frameworks */ = {
			isa = PBXGroup;
			children = (
				3E2FECC6487E08049E39EA68 /* Pods_Examenios1.framework */,
			);
			name = Frameworks;
			sourceTree = "<group>";
		};
/* End PBXGroup section */

/* Begin PBXNativeTarget section */
		81F8EA422723A06D00F8C201 /* Examenios1 */ = {
			isa = PBXNativeTarget;
			buildConfigurationList = 81F8EA572723A07100F8C201 /* Build configuration list for PBXNativeTarget "Examenios1" */;
			buildPhases = (
				A7C6DE5072C0A31D4B14012D /* [CP] Check Pods Manifest.lock */,
				81F8EA3F2723A06D00F8C201 /* Sources */,
				81F8EA402723A06D00F8C201 /* Frameworks */,
				81F8EA412723A06D00F8C201 /* Resources */,
				45106AAB396360126180C9CB /* [CP] Embed Pods Frameworks */,
			);
			buildRules = (
			);
			dependencies = (
			);
			name = Examenios1;
			productName = Examenios1;
			productReference = 81F8EA432723A06D00F8C201 /* Examenios1.app */;
			productType = "com.apple.product-type.application";
		};
/* End PBXNativeTarget section */

/* Begin PBXProject section */
		81F8EA3B2723A06D00F8C201 /* Project object */ = {
			isa = PBXProject;
			attributes = {
				BuildIndependentTargetsInParallel = 1;
				LastSwiftUpdateCheck = 1300;
				LastUpgradeCheck = 1300;
				TargetAttributes = {
					81F8EA422723A06D00F8C201 = {
						CreatedOnToolsVersion = 13.0;
					};
				};
			};
			buildConfigurationList = 81F8EA3E2723A06D00F8C201 /* Build configuration list for PBXProject "Examenios1" */;
			compatibilityVersion = "Xcode 13.0";
			developmentRegion = en;
			hasScannedForEncodings = 0;
			knownRegions = (
				en,
				Base,
			);
			mainGroup = 81F8EA3A2723A06D00F8C201;
			productRefGroup = 81F8EA442723A06D00F8C201 /* Products */;
			projectDirPath = "";
			projectRoot = "";
			targets = (
				81F8EA422723A06D00F8C201 /* Examenios1 */,
			);
		};
/* End PBXProject section */

/* Begin PBXResourcesBuildPhase section */
		81F8EA412723A06D00F8C201 /* Resources */ = {
			isa = PBXResourcesBuildPhase;
			buildActionMask = 2147483647;
			files = (
				81F8EA532723A07100F8C201 /* LaunchScreen.storyboard in Resources */,
				81F8EA5B2723A0CA00F8C201 /* GoogleService-Info.plist in Resources */,
				81F8EA502723A07100F8C201 /* Assets.xcassets in Resources */,
				81F8EA4E2723A06D00F8C201 /* Main.storyboard in Resources */,
			);
			runOnlyForDeploymentPostprocessing = 0;
		};
/* End PBXResourcesBuildPhase section */

/* Begin PBXShellScriptBuildPhase section */
		45106AAB396360126180C9CB /* [CP] Embed Pods Frameworks */ = {
			isa = PBXShellScriptBuildPhase;
			buildActionMask = 2147483647;
			files = (
			);
			inputFileListPaths = (
				"${PODS_ROOT}/Target Support Files/Pods-Examenios1/Pods-Examenios1-frameworks-${CONFIGURATION}-input-files.xcfilelist",
			);
			name = "[CP] Embed Pods Frameworks";
			outputFileListPaths = (
				"${PODS_ROOT}/Target Support Files/Pods-Examenios1/Pods-Examenios1-frameworks-${CONFIGURATION}-output-files.xcfilelist",
			);
			runOnlyForDeploymentPostprocessing = 0;
			shellPath = /bin/sh;
			shellScript = "\"${PODS_ROOT}/Target Support Files/Pods-Examenios1/Pods-Examenios1-frameworks.sh\"\n";
			showEnvVarsInLog = 0;
		};
		A7C6DE5072C0A31D4B14012D /* [CP] Check Pods Manifest.lock */ = {
			isa = PBXShellScriptBuildPhase;
			buildActionMask = 2147483647;
			files = (
			);
			inputFileListPaths = (
			);
			inputPaths = (
				"${PODS_PODFILE_DIR_PATH}/Podfile.lock",
				"${PODS_ROOT}/Manifest.lock",
			);
			name = "[CP] Check Pods Manifest.lock";
			outputFileListPaths = (
			);
			outputPaths = (
				"$(DERIVED_FILE_DIR)/Pods-Examenios1-checkManifestLockResult.txt",
			);
			runOnlyForDeploymentPostprocessing = 0;
			shellPath = /bin/sh;
			shellScript = "diff \"${PODS_PODFILE_DIR_PATH}/Podfile.lock\" \"${PODS_ROOT}/Manifest.lock\" > /dev/null\nif [ $? != 0 ] ; then\n    # print error to STDERR\n    echo \"error: The sandbox is not in sync with the Podfile.lock. Run 'pod install' or update your CocoaPods installation.\" >&2\n    exit 1\nfi\n# This output is used by Xcode 'outputs' to avoid re-running this script phase.\necho \"SUCCESS\" > \"${SCRIPT_OUTPUT_FILE_0}\"\n";
			showEnvVarsInLog = 0;
		};
/* End PBXShellScriptBuildPhase section */

/* Begin PBXSourcesBuildPhase section */
		81F8EA3F2723A06D00F8C201 /* Sources */ = {
			isa = PBXSourcesBuildPhase;
			buildActionMask = 2147483647;
			files = (
				815E1B962724B4B100DB50F7 /* GraphicsVC.swift in Sources */,
				815E1B75272448C700DB50F7 /* ApiError.swift in Sources */,
				815E1B732724485900DB50F7 /* Extension-Codable.swift in Sources */,
				81F8EA472723A06D00F8C201 /* AppDelegate.swift in Sources */,
				815E1B932724B08F00DB50F7 /* ColorExtension.swift in Sources */,
				815E1B912724A2DE00DB50F7 /* MyFirebaseManager.swift in Sources */,
				815E1B7B2724617500DB50F7 /* BannerCategoryVC.swift in Sources */,
				815E1B7E2724676F00DB50F7 /* MainVC.swift in Sources */,
				815E1B832724777500DB50F7 /* Extension-VC.swift in Sources */,
				815E1B8D27248EFB00DB50F7 /* SelfieDetailVC.swift in Sources */,
				815E1B80272470AC00DB50F7 /* InputNameCell.swift in Sources */,
				81F8EA492723A06D00F8C201 /* SceneDelegate.swift in Sources */,
				815E1B8827248A8600DB50F7 /* Extension-MainVC-TableView.swift in Sources */,
				815E1B8A27248B3700DB50F7 /* ImagePickerManager.swift in Sources */,
				815E1B85272482D500DB50F7 /* TakeSalfieCell.swift in Sources */,
				815E1B6E2723D62E00DB50F7 /* ModelData.swift in Sources */,
				815E1B8F27249E6800DB50F7 /* GraphicsDescriptionCell.swift in Sources */,
				815E1B782724599D00DB50F7 /* BannerCategoryViewModel.swift in Sources */,
				815E1B712724447300DB50F7 /* ApiClient.swift in Sources */,
				815E1BB82724C75600DB50F7 /* UserDataViewModel.swift in Sources */,
			);
			runOnlyForDeploymentPostprocessing = 0;
		};
/* End PBXSourcesBuildPhase section */

/* Begin PBXVariantGroup section */
		81F8EA4C2723A06D00F8C201 /* Main.storyboard */ = {
			isa = PBXVariantGroup;
			children = (
				81F8EA4D2723A06D00F8C201 /* Base */,
			);
			name = Main.storyboard;
			sourceTree = "<group>";
		};
		81F8EA512723A07100F8C201 /* LaunchScreen.storyboard */ = {
			isa = PBXVariantGroup;
			children = (
				81F8EA522723A07100F8C201 /* Base */,
			);
			name = LaunchScreen.storyboard;
			sourceTree = "<group>";
		};
/* End PBXVariantGroup section */

/* Begin XCBuildConfiguration section */
		81F8EA552723A07100F8C201 /* Debug */ = {
			isa = XCBuildConfiguration;
			buildSettings = {
				ALWAYS_SEARCH_USER_PATHS = NO;
				CLANG_ANALYZER_NONNULL = YES;
				CLANG_ANALYZER_NUMBER_OBJECT_CONVERSION = YES_AGGRESSIVE;
				CLANG_CXX_LANGUAGE_STANDARD = "gnu++17";
				CLANG_CXX_LIBRARY = "libc++";
				CLANG_ENABLE_MODULES = YES;
				CLANG_ENABLE_OBJC_ARC = YES;
				CLANG_ENABLE_OBJC_WEAK = YES;
				CLANG_WARN_BLOCK_CAPTURE_AUTORELEASING = YES;
				CLANG_WARN_BOOL_CONVERSION = YES;
				CLANG_WARN_COMMA = YES;
				CLANG_WARN_CONSTANT_CONVERSION = YES;
				CLANG_WARN_DEPRECATED_OBJC_IMPLEMENTATIONS = YES;
				CLANG_WARN_DIRECT_OBJC_ISA_USAGE = YES_ERROR;
				CLANG_WARN_DOCUMENTATION_COMMENTS = YES;
				CLANG_WARN_EMPTY_BODY = YES;
				CLANG_WARN_ENUM_CONVERSION = YES;
				CLANG_WARN_INFINITE_RECURSION = YES;
				CLANG_WARN_INT_CONVERSION = YES;
				CLANG_WARN_NON_LITERAL_NULL_CONVERSION = YES;
				CLANG_WARN_OBJC_IMPLICIT_RETAIN_SELF = YES;
				CLANG_WARN_OBJC_LITERAL_CONVERSION = YES;
				CLANG_WARN_OBJC_ROOT_CLASS = YES_ERROR;
				CLANG_WARN_QUOTED_INCLUDE_IN_FRAMEWORK_HEADER = YES;
				CLANG_WARN_RANGE_LOOP_ANALYSIS = YES;
				CLANG_WARN_STRICT_PROTOTYPES = YES;
				CLANG_WARN_SUSPICIOUS_MOVE = YES;
				CLANG_WARN_UNGUARDED_AVAILABILITY = YES_AGGRESSIVE;
				CLANG_WARN_UNREACHABLE_CODE = YES;
				CLANG_WARN__DUPLICATE_METHOD_MATCH = YES;
				COPY_PHASE_STRIP = NO;
				DEBUG_INFORMATION_FORMAT = dwarf;
				ENABLE_STRICT_OBJC_MSGSEND = YES;
				ENABLE_TESTABILITY = YES;
				GCC_C_LANGUAGE_STANDARD = gnu11;
				GCC_DYNAMIC_NO_PIC = NO;
				GCC_NO_COMMON_BLOCKS = YES;
				GCC_OPTIMIZATION_LEVEL = 0;
				GCC_PREPROCESSOR_DEFINITIONS = (
					"DEBUG=1",
					"$(inherited)",
				);
				GCC_WARN_64_TO_32_BIT_CONVERSION = YES;
				GCC_WARN_ABOUT_RETURN_TYPE = YES_ERROR;
				GCC_WARN_UNDECLARED_SELECTOR = YES;
				GCC_WARN_UNINITIALIZED_AUTOS = YES_AGGRESSIVE;
				GCC_WARN_UNUSED_FUNCTION = YES;
				GCC_WARN_UNUSED_VARIABLE = YES;
				IPHONEOS_DEPLOYMENT_TARGET = 15.0;
				MTL_ENABLE_DEBUG_INFO = INCLUDE_SOURCE;
				MTL_FAST_MATH = YES;
				ONLY_ACTIVE_ARCH = YES;
				SDKROOT = iphoneos;
				SWIFT_ACTIVE_COMPILATION_CONDITIONS = DEBUG;
				SWIFT_OPTIMIZATION_LEVEL = "-Onone";
			};
			name = Debug;
		};
		81F8EA562723A07100F8C201 /* Release */ = {
			isa = XCBuildConfiguration;
			buildSettings = {
				ALWAYS_SEARCH_USER_PATHS = NO;
				CLANG_ANALYZER_NONNULL = YES;
				CLANG_ANALYZER_NUMBER_OBJECT_CONVERSION = YES_AGGRESSIVE;
				CLANG_CXX_LANGUAGE_STANDARD = "gnu++17";
				CLANG_CXX_LIBRARY = "libc++";
				CLANG_ENABLE_MODULES = YES;
				CLANG_ENABLE_OBJC_ARC = YES;
				CLANG_ENABLE_OBJC_WEAK = YES;
				CLANG_WARN_BLOCK_CAPTURE_AUTORELEASING = YES;
				CLANG_WARN_BOOL_CONVERSION = YES;
				CLANG_WARN_COMMA = YES;
				CLANG_WARN_CONSTANT_CONVERSION = YES;
				CLANG_WARN_DEPRECATED_OBJC_IMPLEMENTATIONS = YES;
				CLANG_WARN_DIRECT_OBJC_ISA_USAGE = YES_ERROR;
				CLANG_WARN_DOCUMENTATION_COMMENTS = YES;
				CLANG_WARN_EMPTY_BODY = YES;
				CLANG_WARN_ENUM_CONVERSION = YES;
				CLANG_WARN_INFINITE_RECURSION = YES;
				CLANG_WARN_INT_CONVERSION = YES;
				CLANG_WARN_NON_LITERAL_NULL_CONVERSION = YES;
				CLANG_WARN_OBJC_IMPLICIT_RETAIN_SELF = YES;
				CLANG_WARN_OBJC_LITERAL_CONVERSION = YES;
				CLANG_WARN_OBJC_ROOT_CLASS = YES_ERROR;
				CLANG_WARN_QUOTED_INCLUDE_IN_FRAMEWORK_HEADER = YES;
				CLANG_WARN_RANGE_LOOP_ANALYSIS = YES;
				CLANG_WARN_STRICT_PROTOTYPES = YES;
				CLANG_WARN_SUSPICIOUS_MOVE = YES;
				CLANG_WARN_UNGUARDED_AVAILABILITY = YES_AGGRESSIVE;
				CLANG_WARN_UNREACHABLE_CODE = YES;
				CLANG_WARN__DUPLICATE_METHOD_MATCH = YES;
				COPY_PHASE_STRIP = NO;
				DEBUG_INFORMATION_FORMAT = "dwarf-with-dsym";
				ENABLE_NS_ASSERTIONS = NO;
				ENABLE_STRICT_OBJC_MSGSEND = YES;
				GCC_C_LANGUAGE_STANDARD = gnu11;
				GCC_NO_COMMON_BLOCKS = YES;
				GCC_WARN_64_TO_32_BIT_CONVERSION = YES;
				GCC_WARN_ABOUT_RETURN_TYPE = YES_ERROR;
				GCC_WARN_UNDECLARED_SELECTOR = YES;
				GCC_WARN_UNINITIALIZED_AUTOS = YES_AGGRESSIVE;
				GCC_WARN_UNUSED_FUNCTION = YES;
				GCC_WARN_UNUSED_VARIABLE = YES;
				IPHONEOS_DEPLOYMENT_TARGET = 15.0;
				MTL_ENABLE_DEBUG_INFO = NO;
				MTL_FAST_MATH = YES;
				SDKROOT = iphoneos;
				SWIFT_COMPILATION_MODE = wholemodule;
				SWIFT_OPTIMIZATION_LEVEL = "-O";
				VALIDATE_PRODUCT = YES;
			};
			name = Release;
		};
		81F8EA582723A07100F8C201 /* Debug */ = {
			isa = XCBuildConfiguration;
			baseConfigurationReference = D986CB19A68B8AEC7ED0C8FB /* Pods-Examenios1.debug.xcconfig */;
			buildSettings = {
				ASSETCATALOG_COMPILER_APPICON_NAME = AppIcon;
				ASSETCATALOG_COMPILER_GLOBAL_ACCENT_COLOR_NAME = AccentColor;
				CODE_SIGN_STYLE = Automatic;
				CURRENT_PROJECT_VERSION = 1;
				DEVELOPMENT_TEAM = 779ZAV257A;
				GENERATE_INFOPLIST_FILE = YES;
				INFOPLIST_FILE = Examenios1/Info.plist;
				INFOPLIST_KEY_UIApplicationSupportsIndirectInputEvents = YES;
				INFOPLIST_KEY_UILaunchStoryboardName = LaunchScreen;
				INFOPLIST_KEY_UIMainStoryboardFile = Main;
				INFOPLIST_KEY_UISupportedInterfaceOrientations_iPad = "UIInterfaceOrientationPortrait UIInterfaceOrientationPortraitUpsideDown UIInterfaceOrientationLandscapeLeft UIInterfaceOrientationLandscapeRight";
				INFOPLIST_KEY_UISupportedInterfaceOrientations_iPhone = "UIInterfaceOrientationPortrait UIInterfaceOrientationLandscapeLeft UIInterfaceOrientationLandscapeRight";
				LD_RUNPATH_SEARCH_PATHS = (
					"$(inherited)",
					"@executable_path/Frameworks",
				);
				MARKETING_VERSION = 1.0;
				PRODUCT_BUNDLE_IDENTIFIER = com.lopezdevelopment.Examenios1;
				PRODUCT_NAME = "$(TARGET_NAME)";
				SWIFT_EMIT_LOC_STRINGS = YES;
				SWIFT_VERSION = 5.0;
				TARGETED_DEVICE_FAMILY = "1,2";
			};
			name = Debug;
		};
		81F8EA592723A07100F8C201 /* Release */ = {
			isa = XCBuildConfiguration;
			baseConfigurationReference = 94950AB8DC50E05ADFD22261 /* Pods-Examenios1.release.xcconfig */;
			buildSettings = {
				ASSETCATALOG_COMPILER_APPICON_NAME = AppIcon;
				ASSETCATALOG_COMPILER_GLOBAL_ACCENT_COLOR_NAME = AccentColor;
				CODE_SIGN_STYLE = Automatic;
				CURRENT_PROJECT_VERSION = 1;
				DEVELOPMENT_TEAM = 779ZAV257A;
				GENERATE_INFOPLIST_FILE = YES;
				INFOPLIST_FILE = Examenios1/Info.plist;
				INFOPLIST_KEY_UIApplicationSupportsIndirectInputEvents = YES;
				INFOPLIST_KEY_UILaunchStoryboardName = LaunchScreen;
				INFOPLIST_KEY_UIMainStoryboardFile = Main;
				INFOPLIST_KEY_UISupportedInterfaceOrientations_iPad = "UIInterfaceOrientationPortrait UIInterfaceOrientationPortraitUpsideDown UIInterfaceOrientationLandscapeLeft UIInterfaceOrientationLandscapeRight";
				INFOPLIST_KEY_UISupportedInterfaceOrientations_iPhone = "UIInterfaceOrientationPortrait UIInterfaceOrientationLandscapeLeft UIInterfaceOrientationLandscapeRight";
				LD_RUNPATH_SEARCH_PATHS = (
					"$(inherited)",
					"@executable_path/Frameworks",
				);
				MARKETING_VERSION = 1.0;
				PRODUCT_BUNDLE_IDENTIFIER = com.lopezdevelopment.Examenios1;
				PRODUCT_NAME = "$(TARGET_NAME)";
				SWIFT_EMIT_LOC_STRINGS = YES;
				SWIFT_VERSION = 5.0;
				TARGETED_DEVICE_FAMILY = "1,2";
			};
			name = Release;
		};
/* End XCBuildConfiguration section */

/* Begin XCConfigurationList section */
		81F8EA3E2723A06D00F8C201 /* Build configuration list for PBXProject "Examenios1" */ = {
			isa = XCConfigurationList;
			buildConfigurations = (
				81F8EA552723A07100F8C201 /* Debug */,
				81F8EA562723A07100F8C201 /* Release */,
			);
			defaultConfigurationIsVisible = 0;
			defaultConfigurationName = Release;
		};
		81F8EA572723A07100F8C201 /* Build configuration list for PBXNativeTarget "Examenios1" */ = {
			isa = XCConfigurationList;
			buildConfigurations = (
				81F8EA582723A07100F8C201 /* Debug */,
				81F8EA592723A07100F8C201 /* Release */,
			);
			defaultConfigurationIsVisible = 0;
			defaultConfigurationName = Release;
		};
/* End XCConfigurationList section */
	};
	rootObject = 81F8EA3B2723A06D00F8C201 /* Project object */;
}
